
Microsoft Visual Studio Solution File, Format Version 12.00
# Visual Studio 15
VisualStudioVersion = 15.0.28307.852
MinimumVisualStudioVersion = 10.0.40219.1
Project("{FAE04EC0-301F-11D3-BF4B-00C04F79EFBC}") = "Quote_Note", "Quote_Note\Quote_Note.csproj", "{7219498F-7749-4430-91B3-6C5853AB63EF}"
EndProject
Project("{FAE04EC0-301F-11D3-BF4B-00C04F79EFBC}") = "Quote_Note_Library", "Quote_Note_Library\Quote_Note_Library.csproj", "{AA977B5D-9E61-4C5A-ADCD-3A9177DE0E9C}"
EndProject
Global
	GlobalSection(SolutionConfigurationPlatforms) = preSolution
		Debug|Any CPU = Debug|Any CPU
		Release|Any CPU = Release|Any CPU
	EndGlobalSection
	GlobalSection(ProjectConfigurationPlatforms) = postSolution
		{7219498F-7749-4430-91B3-6C5853AB63EF}.Debug|Any CPU.ActiveCfg = Debug|Any CPU
		{7219498F-7749-4430-91B3-6C5853AB63EF}.Debug|Any CPU.Build.0 = Debug|Any CPU
		{7219498F-7749-4430-91B3-6C5853AB63EF}.Release|Any CPU.ActiveCfg = Release|Any CPU
		{7219498F-7749-4430-91B3-6C5853AB63EF}.Release|Any CPU.Build.0 = Release|Any CPU
		{AA977B5D-9E61-4C5A-ADCD-3A9177DE0E9C}.Debug|Any CPU.ActiveCfg = Debug|Any CPU
		{AA977B5D-9E61-4C5A-ADCD-3A9177DE0E9C}.Debug|Any CPU.Build.0 = Debug|Any CPU
		{AA977B5D-9E61-4C5A-ADCD-3A9177DE0E9C}.Release|Any CPU.ActiveCfg = Release|Any CPU
		{AA977B5D-9E61-4C5A-ADCD-3A9177DE0E9C}.Release|Any CPU.Build.0 = Release|Any CPU
	EndGlobalSection
	GlobalSection(SolutionProperties) = preSolution
		HideSolutionNode = FALSE
	EndGlobalSection
	GlobalSection(ExtensibilityGlobals) = postSolution
		SolutionGuid = {F832A4D2-FF22-46ED-95A1-2166345CC6D8}
	EndGlobalSection
EndGlobal
